
Microsoft Visual Studio Solution File, Format Version 12.00
# Visual Studio Version 16
VisualStudioVersion = 16.0.32106.194
MinimumVisualStudioVersion = 10.0.40219.1
Project("{FAE04EC0-301F-11D3-BF4B-00C04F79EFBC}") = "EmployeeSalary", "EmployeeSalary\EmployeeSalary.csproj", "{0E07C459-8FBD-4BBB-AA70-4E29CF832670}"
EndProject
Project("{FAE04EC0-301F-11D3-BF4B-00C04F79EFBC}") = "EmployeeSalaryTest", "EmployeeSalaryTest\EmployeeSalaryTest.csproj", "{C2C59AC1-3944-4071-BC3C-E0799DA74D52}"
EndProject
Global
	GlobalSection(SolutionConfigurationPlatforms) = preSolution
		Debug|Any CPU = Debug|Any CPU
		Release|Any CPU = Release|Any CPU
	EndGlobalSection
	GlobalSection(ProjectConfigurationPlatforms) = postSolution
		{BABB2218-3DFF-4A1F-A2BC-EF679F635755}.Debug|Any CPU.ActiveCfg = Debug|Any CPU
		{BABB2218-3DFF-4A1F-A2BC-EF679F635755}.Debug|Any CPU.Build.0 = Debug|Any CPU
		{BABB2218-3DFF-4A1F-A2BC-EF679F635755}.Release|Any CPU.ActiveCfg = Release|Any CPU
		{BABB2218-3DFF-4A1F-A2BC-EF679F635755}.Release|Any CPU.Build.0 = Release|Any CPU
		{90629E40-7638-417B-9B2F-DEF65F75744B}.Debug|Any CPU.ActiveCfg = Debug|Any CPU
		{90629E40-7638-417B-9B2F-DEF65F75744B}.Debug|Any CPU.Build.0 = Debug|Any CPU
		{90629E40-7638-417B-9B2F-DEF65F75744B}.Release|Any CPU.ActiveCfg = Release|Any CPU
		{90629E40-7638-417B-9B2F-DEF65F75744B}.Release|Any CPU.Build.0 = Release|Any CPU
		{16C77CF1-09C1-47F8-B78D-FD8944CC66B3}.Debug|Any CPU.ActiveCfg = Debug|Any CPU
		{16C77CF1-09C1-47F8-B78D-FD8944CC66B3}.Debug|Any CPU.Build.0 = Debug|Any CPU
		{16C77CF1-09C1-47F8-B78D-FD8944CC66B3}.Release|Any CPU.ActiveCfg = Release|Any CPU
		{16C77CF1-09C1-47F8-B78D-FD8944CC66B3}.Release|Any CPU.Build.0 = Release|Any CPU
		{7366FC49-5749-41DD-A847-3866CEBD0EBA}.Debug|Any CPU.ActiveCfg = Debug|Any CPU
		{7366FC49-5749-41DD-A847-3866CEBD0EBA}.Debug|Any CPU.Build.0 = Debug|Any CPU
		{7366FC49-5749-41DD-A847-3866CEBD0EBA}.Release|Any CPU.ActiveCfg = Release|Any CPU
		{7366FC49-5749-41DD-A847-3866CEBD0EBA}.Release|Any CPU.Build.0 = Release|Any CPU
		{0EF629F0-B139-44E6-8B3C-B139B325DA2F}.Debug|Any CPU.ActiveCfg = Debug|Any CPU
		{0EF629F0-B139-44E6-8B3C-B139B325DA2F}.Debug|Any CPU.Build.0 = Debug|Any CPU
		{0EF629F0-B139-44E6-8B3C-B139B325DA2F}.Release|Any CPU.ActiveCfg = Release|Any CPU
		{0EF629F0-B139-44E6-8B3C-B139B325DA2F}.Release|Any CPU.Build.0 = Release|Any CPU
		{0E07C459-8FBD-4BBB-AA70-4E29CF832670}.Debug|Any CPU.ActiveCfg = Debug|Any CPU
		{0E07C459-8FBD-4BBB-AA70-4E29CF832670}.Debug|Any CPU.Build.0 = Debug|Any CPU
		{0E07C459-8FBD-4BBB-AA70-4E29CF832670}.Release|Any CPU.ActiveCfg = Release|Any CPU
		{0E07C459-8FBD-4BBB-AA70-4E29CF832670}.Release|Any CPU.Build.0 = Release|Any CPU
		{C2C59AC1-3944-4071-BC3C-E0799DA74D52}.Debug|Any CPU.ActiveCfg = Debug|Any CPU
		{C2C59AC1-3944-4071-BC3C-E0799DA74D52}.Debug|Any CPU.Build.0 = Debug|Any CPU
		{C2C59AC1-3944-4071-BC3C-E0799DA74D52}.Release|Any CPU.ActiveCfg = Release|Any CPU
		{C2C59AC1-3944-4071-BC3C-E0799DA74D52}.Release|Any CPU.Build.0 = Release|Any CPU
	EndGlobalSection
	GlobalSection(SolutionProperties) = preSolution
		HideSolutionNode = FALSE
	EndGlobalSection
	GlobalSection(ExtensibilityGlobals) = postSolution
		SolutionGuid = {10E98EC2-BB18-4EC0-86C2-77F62CE6EA08}
	EndGlobalSection
EndGlobal
